
Microsoft Visual Studio Solution File, Format Version 12.00
# Visual Studio 14
VisualStudioVersion = 14.0.23107.0
MinimumVisualStudioVersion = 10.0.40219.1
Project("{FAE04EC0-301F-11D3-BF4B-00C04F79EFBC}") = "EventCentric", "EventCentric\EventCentric.csproj", "{4B00E8DD-813C-4ABB-8C87-C664D188F62C}"
EndProject
Project("{FAE04EC0-301F-11D3-BF4B-00C04F79EFBC}") = "EventCentric.Tests", "EventCentric.Tests\EventCentric.Tests.csproj", "{C43C0436-69D1-4EB3-BF0E-89F005C4C4C7}"
EndProject
Project("{2150E333-8FDC-42A3-9474-1A3956D46DE8}") = "samples", "samples", "{0034CCF3-6EBB-4263-A7F0-A5C7725D354D}"
EndProject
Project("{FAE04EC0-301F-11D3-BF4B-00C04F79EFBC}") = "EventCentric.NodeFactory", "EventCentric.NodeFactory\EventCentric.NodeFactory.csproj", "{44302C31-F9A4-4531-A43A-0E33CC5D4FD2}"
EndProject
Project("{FAE04EC0-301F-11D3-BF4B-00C04F79EFBC}") = "EasyTrade.Web", "samples\EasyTrade\EasyTrade.Web\EasyTrade.Web.csproj", "{E1CD45C9-CD2B-449C-9CE1-D71D0B1A7483}"
EndProject
Project("{2150E333-8FDC-42A3-9474-1A3956D46DE8}") = "EasyTrade", "EasyTrade", "{5F3BE14E-BB71-42C2-BEA6-A68F40BA9823}"
EndProject
Project("{FAE04EC0-301F-11D3-BF4B-00C04F79EFBC}") = "EasyTrade.Common", "samples\EasyTrade\EasyTrade.Common\EasyTrade.Common.csproj", "{4B94BC94-91FA-4D56-ADBF-8C27B517A82D}"
EndProject
Project("{FAE04EC0-301F-11D3-BF4B-00C04F79EFBC}") = "EasyTrade.EmpresasQueue.Web", "samples\EasyTrade\EasyTrade.EmpresasQueue.Web\EasyTrade.EmpresasQueue.Web.csproj", "{48C1A922-F660-451E-B81B-BBF50B7DB72A}"
EndProject
Project("{FAE04EC0-301F-11D3-BF4B-00C04F79EFBC}") = "EasyTrade.EmpresasQueue", "samples\EasyTrade\EasyTrade.EmpresasQueue\EasyTrade.EmpresasQueue.csproj", "{770A47E4-C7E2-4E7C-B639-178C01DEE9C1}"
EndProject
Project("{FAE04EC0-301F-11D3-BF4B-00C04F79EFBC}") = "EasyTrade.Events", "samples\EasyTrade\EasyTrade.Events\EasyTrade.Events.csproj", "{F84718EC-D508-4586-9E7E-C44298D16A5E}"
EndProject
Project("{FAE04EC0-301F-11D3-BF4B-00C04F79EFBC}") = "EasyTrade.Commands", "samples\EasyTrade\EasyTrade.Commands\EasyTrade.Commands.csproj", "{EC024C86-84DF-4D2B-A049-DB9DF06B3E91}"
EndProject
Project("{2150E333-8FDC-42A3-9474-1A3956D46DE8}") = "Messages", "Messages", "{54156847-AC43-411E-B20C-D63666B4A143}"
EndProject
Project("{FAE04EC0-301F-11D3-BF4B-00C04F79EFBC}") = "EasyTrade.EmpresasReadModel.Web", "samples\EasyTrade\EasyTrade.EmpresasReadModel.Web\EasyTrade.EmpresasReadModel.Web.csproj", "{C96198D7-4125-4B83-892A-90861E4099C9}"
EndProject
Project("{FAE04EC0-301F-11D3-BF4B-00C04F79EFBC}") = "EasyTrade.EmpresasReadModel", "samples\EasyTrade\EasyTrade.EmpresasReadModel\EasyTrade.EmpresasReadModel.csproj", "{CF73DBF0-2180-41C0-A0A2-39B9D5135FA8}"
EndProject
Project("{FAE04EC0-301F-11D3-BF4B-00C04F79EFBC}") = "EventCentric.Heartbeating", "EventCentric.Heartbeating\EventCentric.Heartbeating.csproj", "{6C42F2EB-A742-4982-BF98-76B7B82871E5}"
EndProject
Project("{2150E333-8FDC-42A3-9474-1A3956D46DE8}") = "Empresas", "Empresas", "{34EB9962-7371-4522-ACAC-B0A6442762CD}"
EndProject
Project("{2150E333-8FDC-42A3-9474-1A3956D46DE8}") = "Solution Items", "Solution Items", "{565E3089-FA64-4C48-B794-FEE52A806DDF}"
	ProjectSection(SolutionItems) = preProject
		SQLQuery1.sql = SQLQuery1.sql
		WebEssentials2015-Settings.json = WebEssentials2015-Settings.json
	EndProjectSection
EndProject
Project("{FAE04EC0-301F-11D3-BF4B-00C04F79EFBC}") = "EventCentric.Authorization", "EventCentric.Authorization\EventCentric.Authorization.csproj", "{39A21D07-83A2-402A-9AAF-56B3A225487A}"
EndProject
Project("{FAE04EC0-301F-11D3-BF4B-00C04F79EFBC}") = "EasyTrade.InventarioQueue", "samples\EasyTrade\EasyTrade.InventarioQueue\EasyTrade.InventarioQueue.csproj", "{FDDE5257-CA89-4BFD-8249-ADC922F7FF13}"
EndProject
Project("{2150E333-8FDC-42A3-9474-1A3956D46DE8}") = "Inventario", "Inventario", "{80E0F4F1-167A-4726-96D3-804E29A1FBBC}"
EndProject
Project("{FAE04EC0-301F-11D3-BF4B-00C04F79EFBC}") = "LexUI", "samples\LexUI\LexUI\LexUI.csproj", "{6F222EF7-9D3A-4450-924E-20C520494925}"
EndProject
Project("{FAE04EC0-301F-11D3-BF4B-00C04F79EFBC}") = "ParaguayOff.Portal.Web", "samples\ParaguayOff\ParaguayOff.Portal.Web\ParaguayOff.Portal.Web.csproj", "{35406156-E124-45AC-83B2-69457468F2C2}"
EndProject
Project("{2150E333-8FDC-42A3-9474-1A3956D46DE8}") = "InformesDeServicio", "InformesDeServicio", "{813D1F3D-F330-4365-910E-A4494C6ACEFD}"
EndProject
Project("{FAE04EC0-301F-11D3-BF4B-00C04F79EFBC}") = "InformesDeServicio.Portal.Web", "samples\InformesDeServicio\InformesDeServicio.Portal.Web\InformesDeServicio.Portal.Web.csproj", "{9A90E6CD-252B-44AC-A302-5B034360977E}"
EndProject
Project("{FAE04EC0-301F-11D3-BF4B-00C04F79EFBC}") = "InformesDeServicio.Messages", "samples\InformesDeServicio\InformesDeServicio.Messages\InformesDeServicio.Messages.csproj", "{57A80777-ABC3-4C1B-B666-9C1A632A038E}"
EndProject
Project("{FAE04EC0-301F-11D3-BF4B-00C04F79EFBC}") = "InformesDeServicio.Tests", "samples\InformesDeServicio\InformesDeServicio.Tests\InformesDeServicio.Tests.csproj", "{9157DBF2-7F84-499B-AD68-322105F7E897}"
EndProject
Project("{FAE04EC0-301F-11D3-BF4B-00C04F79EFBC}") = "InformesDeServicio.Publicadores", "samples\InformesDeServicio\InformesDeServicio.Publicadores\InformesDeServicio.Publicadores.csproj", "{9031C290-B032-4D84-A08E-04E381CEDEA6}"
EndProject
Global
	GlobalSection(SolutionConfigurationPlatforms) = preSolution
		Debug|Any CPU = Debug|Any CPU
		Release|Any CPU = Release|Any CPU
	EndGlobalSection
	GlobalSection(ProjectConfigurationPlatforms) = postSolution
		{4B00E8DD-813C-4ABB-8C87-C664D188F62C}.Debug|Any CPU.ActiveCfg = Debug|Any CPU
		{4B00E8DD-813C-4ABB-8C87-C664D188F62C}.Debug|Any CPU.Build.0 = Debug|Any CPU
		{4B00E8DD-813C-4ABB-8C87-C664D188F62C}.Release|Any CPU.ActiveCfg = Release|Any CPU
		{4B00E8DD-813C-4ABB-8C87-C664D188F62C}.Release|Any CPU.Build.0 = Release|Any CPU
		{C43C0436-69D1-4EB3-BF0E-89F005C4C4C7}.Debug|Any CPU.ActiveCfg = Debug|Any CPU
		{C43C0436-69D1-4EB3-BF0E-89F005C4C4C7}.Debug|Any CPU.Build.0 = Debug|Any CPU
		{C43C0436-69D1-4EB3-BF0E-89F005C4C4C7}.Release|Any CPU.ActiveCfg = Release|Any CPU
		{C43C0436-69D1-4EB3-BF0E-89F005C4C4C7}.Release|Any CPU.Build.0 = Release|Any CPU
		{44302C31-F9A4-4531-A43A-0E33CC5D4FD2}.Debug|Any CPU.ActiveCfg = Debug|Any CPU
		{44302C31-F9A4-4531-A43A-0E33CC5D4FD2}.Debug|Any CPU.Build.0 = Debug|Any CPU
		{44302C31-F9A4-4531-A43A-0E33CC5D4FD2}.Release|Any CPU.ActiveCfg = Release|Any CPU
		{44302C31-F9A4-4531-A43A-0E33CC5D4FD2}.Release|Any CPU.Build.0 = Release|Any CPU
		{E1CD45C9-CD2B-449C-9CE1-D71D0B1A7483}.Debug|Any CPU.ActiveCfg = Debug|Any CPU
		{E1CD45C9-CD2B-449C-9CE1-D71D0B1A7483}.Debug|Any CPU.Build.0 = Debug|Any CPU
		{E1CD45C9-CD2B-449C-9CE1-D71D0B1A7483}.Release|Any CPU.ActiveCfg = Release|Any CPU
		{E1CD45C9-CD2B-449C-9CE1-D71D0B1A7483}.Release|Any CPU.Build.0 = Release|Any CPU
		{4B94BC94-91FA-4D56-ADBF-8C27B517A82D}.Debug|Any CPU.ActiveCfg = Debug|Any CPU
		{4B94BC94-91FA-4D56-ADBF-8C27B517A82D}.Debug|Any CPU.Build.0 = Debug|Any CPU
		{4B94BC94-91FA-4D56-ADBF-8C27B517A82D}.Release|Any CPU.ActiveCfg = Release|Any CPU
		{4B94BC94-91FA-4D56-ADBF-8C27B517A82D}.Release|Any CPU.Build.0 = Release|Any CPU
		{48C1A922-F660-451E-B81B-BBF50B7DB72A}.Debug|Any CPU.ActiveCfg = Debug|Any CPU
		{48C1A922-F660-451E-B81B-BBF50B7DB72A}.Debug|Any CPU.Build.0 = Debug|Any CPU
		{48C1A922-F660-451E-B81B-BBF50B7DB72A}.Release|Any CPU.ActiveCfg = Release|Any CPU
		{48C1A922-F660-451E-B81B-BBF50B7DB72A}.Release|Any CPU.Build.0 = Release|Any CPU
		{770A47E4-C7E2-4E7C-B639-178C01DEE9C1}.Debug|Any CPU.ActiveCfg = Debug|Any CPU
		{770A47E4-C7E2-4E7C-B639-178C01DEE9C1}.Debug|Any CPU.Build.0 = Debug|Any CPU
		{770A47E4-C7E2-4E7C-B639-178C01DEE9C1}.Release|Any CPU.ActiveCfg = Release|Any CPU
		{770A47E4-C7E2-4E7C-B639-178C01DEE9C1}.Release|Any CPU.Build.0 = Release|Any CPU
		{F84718EC-D508-4586-9E7E-C44298D16A5E}.Debug|Any CPU.ActiveCfg = Debug|Any CPU
		{F84718EC-D508-4586-9E7E-C44298D16A5E}.Debug|Any CPU.Build.0 = Debug|Any CPU
		{F84718EC-D508-4586-9E7E-C44298D16A5E}.Release|Any CPU.ActiveCfg = Release|Any CPU
		{F84718EC-D508-4586-9E7E-C44298D16A5E}.Release|Any CPU.Build.0 = Release|Any CPU
		{EC024C86-84DF-4D2B-A049-DB9DF06B3E91}.Debug|Any CPU.ActiveCfg = Debug|Any CPU
		{EC024C86-84DF-4D2B-A049-DB9DF06B3E91}.Debug|Any CPU.Build.0 = Debug|Any CPU
		{EC024C86-84DF-4D2B-A049-DB9DF06B3E91}.Release|Any CPU.ActiveCfg = Release|Any CPU
		{EC024C86-84DF-4D2B-A049-DB9DF06B3E91}.Release|Any CPU.Build.0 = Release|Any CPU
		{C96198D7-4125-4B83-892A-90861E4099C9}.Debug|Any CPU.ActiveCfg = Debug|Any CPU
		{C96198D7-4125-4B83-892A-90861E4099C9}.Debug|Any CPU.Build.0 = Debug|Any CPU
		{C96198D7-4125-4B83-892A-90861E4099C9}.Release|Any CPU.ActiveCfg = Release|Any CPU
		{C96198D7-4125-4B83-892A-90861E4099C9}.Release|Any CPU.Build.0 = Release|Any CPU
		{CF73DBF0-2180-41C0-A0A2-39B9D5135FA8}.Debug|Any CPU.ActiveCfg = Debug|Any CPU
		{CF73DBF0-2180-41C0-A0A2-39B9D5135FA8}.Debug|Any CPU.Build.0 = Debug|Any CPU
		{CF73DBF0-2180-41C0-A0A2-39B9D5135FA8}.Release|Any CPU.ActiveCfg = Release|Any CPU
		{CF73DBF0-2180-41C0-A0A2-39B9D5135FA8}.Release|Any CPU.Build.0 = Release|Any CPU
		{6C42F2EB-A742-4982-BF98-76B7B82871E5}.Debug|Any CPU.ActiveCfg = Debug|Any CPU
		{6C42F2EB-A742-4982-BF98-76B7B82871E5}.Debug|Any CPU.Build.0 = Debug|Any CPU
		{6C42F2EB-A742-4982-BF98-76B7B82871E5}.Release|Any CPU.ActiveCfg = Release|Any CPU
		{6C42F2EB-A742-4982-BF98-76B7B82871E5}.Release|Any CPU.Build.0 = Release|Any CPU
		{39A21D07-83A2-402A-9AAF-56B3A225487A}.Debug|Any CPU.ActiveCfg = Debug|Any CPU
		{39A21D07-83A2-402A-9AAF-56B3A225487A}.Debug|Any CPU.Build.0 = Debug|Any CPU
		{39A21D07-83A2-402A-9AAF-56B3A225487A}.Release|Any CPU.ActiveCfg = Release|Any CPU
		{39A21D07-83A2-402A-9AAF-56B3A225487A}.Release|Any CPU.Build.0 = Release|Any CPU
		{FDDE5257-CA89-4BFD-8249-ADC922F7FF13}.Debug|Any CPU.ActiveCfg = Debug|Any CPU
		{FDDE5257-CA89-4BFD-8249-ADC922F7FF13}.Debug|Any CPU.Build.0 = Debug|Any CPU
		{FDDE5257-CA89-4BFD-8249-ADC922F7FF13}.Release|Any CPU.ActiveCfg = Release|Any CPU
		{FDDE5257-CA89-4BFD-8249-ADC922F7FF13}.Release|Any CPU.Build.0 = Release|Any CPU
		{6F222EF7-9D3A-4450-924E-20C520494925}.Debug|Any CPU.ActiveCfg = Debug|Any CPU
		{6F222EF7-9D3A-4450-924E-20C520494925}.Debug|Any CPU.Build.0 = Debug|Any CPU
		{6F222EF7-9D3A-4450-924E-20C520494925}.Release|Any CPU.ActiveCfg = Release|Any CPU
		{6F222EF7-9D3A-4450-924E-20C520494925}.Release|Any CPU.Build.0 = Release|Any CPU
		{35406156-E124-45AC-83B2-69457468F2C2}.Debug|Any CPU.ActiveCfg = Debug|Any CPU
		{35406156-E124-45AC-83B2-69457468F2C2}.Debug|Any CPU.Build.0 = Debug|Any CPU
		{35406156-E124-45AC-83B2-69457468F2C2}.Release|Any CPU.ActiveCfg = Release|Any CPU
		{35406156-E124-45AC-83B2-69457468F2C2}.Release|Any CPU.Build.0 = Release|Any CPU
		{9A90E6CD-252B-44AC-A302-5B034360977E}.Debug|Any CPU.ActiveCfg = Debug|Any CPU
		{9A90E6CD-252B-44AC-A302-5B034360977E}.Debug|Any CPU.Build.0 = Debug|Any CPU
		{9A90E6CD-252B-44AC-A302-5B034360977E}.Release|Any CPU.ActiveCfg = Release|Any CPU
		{9A90E6CD-252B-44AC-A302-5B034360977E}.Release|Any CPU.Build.0 = Release|Any CPU
		{57A80777-ABC3-4C1B-B666-9C1A632A038E}.Debug|Any CPU.ActiveCfg = Debug|Any CPU
		{57A80777-ABC3-4C1B-B666-9C1A632A038E}.Debug|Any CPU.Build.0 = Debug|Any CPU
		{57A80777-ABC3-4C1B-B666-9C1A632A038E}.Release|Any CPU.ActiveCfg = Release|Any CPU
		{57A80777-ABC3-4C1B-B666-9C1A632A038E}.Release|Any CPU.Build.0 = Release|Any CPU
		{9157DBF2-7F84-499B-AD68-322105F7E897}.Debug|Any CPU.ActiveCfg = Debug|Any CPU
		{9157DBF2-7F84-499B-AD68-322105F7E897}.Debug|Any CPU.Build.0 = Debug|Any CPU
		{9157DBF2-7F84-499B-AD68-322105F7E897}.Release|Any CPU.ActiveCfg = Release|Any CPU
		{9157DBF2-7F84-499B-AD68-322105F7E897}.Release|Any CPU.Build.0 = Release|Any CPU
		{9031C290-B032-4D84-A08E-04E381CEDEA6}.Debug|Any CPU.ActiveCfg = Debug|Any CPU
		{9031C290-B032-4D84-A08E-04E381CEDEA6}.Debug|Any CPU.Build.0 = Debug|Any CPU
		{9031C290-B032-4D84-A08E-04E381CEDEA6}.Release|Any CPU.ActiveCfg = Release|Any CPU
		{9031C290-B032-4D84-A08E-04E381CEDEA6}.Release|Any CPU.Build.0 = Release|Any CPU
	EndGlobalSection
	GlobalSection(SolutionProperties) = preSolution
		HideSolutionNode = FALSE
	EndGlobalSection
	GlobalSection(NestedProjects) = preSolution
		{E1CD45C9-CD2B-449C-9CE1-D71D0B1A7483} = {5F3BE14E-BB71-42C2-BEA6-A68F40BA9823}
		{5F3BE14E-BB71-42C2-BEA6-A68F40BA9823} = {0034CCF3-6EBB-4263-A7F0-A5C7725D354D}
		{4B94BC94-91FA-4D56-ADBF-8C27B517A82D} = {5F3BE14E-BB71-42C2-BEA6-A68F40BA9823}
		{48C1A922-F660-451E-B81B-BBF50B7DB72A} = {34EB9962-7371-4522-ACAC-B0A6442762CD}
		{770A47E4-C7E2-4E7C-B639-178C01DEE9C1} = {34EB9962-7371-4522-ACAC-B0A6442762CD}
		{F84718EC-D508-4586-9E7E-C44298D16A5E} = {54156847-AC43-411E-B20C-D63666B4A143}
		{EC024C86-84DF-4D2B-A049-DB9DF06B3E91} = {54156847-AC43-411E-B20C-D63666B4A143}
		{54156847-AC43-411E-B20C-D63666B4A143} = {5F3BE14E-BB71-42C2-BEA6-A68F40BA9823}
		{C96198D7-4125-4B83-892A-90861E4099C9} = {34EB9962-7371-4522-ACAC-B0A6442762CD}
		{CF73DBF0-2180-41C0-A0A2-39B9D5135FA8} = {34EB9962-7371-4522-ACAC-B0A6442762CD}
		{34EB9962-7371-4522-ACAC-B0A6442762CD} = {5F3BE14E-BB71-42C2-BEA6-A68F40BA9823}
		{FDDE5257-CA89-4BFD-8249-ADC922F7FF13} = {80E0F4F1-167A-4726-96D3-804E29A1FBBC}
		{80E0F4F1-167A-4726-96D3-804E29A1FBBC} = {5F3BE14E-BB71-42C2-BEA6-A68F40BA9823}
		{6F222EF7-9D3A-4450-924E-20C520494925} = {0034CCF3-6EBB-4263-A7F0-A5C7725D354D}
		{35406156-E124-45AC-83B2-69457468F2C2} = {0034CCF3-6EBB-4263-A7F0-A5C7725D354D}
		{813D1F3D-F330-4365-910E-A4494C6ACEFD} = {0034CCF3-6EBB-4263-A7F0-A5C7725D354D}
		{9A90E6CD-252B-44AC-A302-5B034360977E} = {813D1F3D-F330-4365-910E-A4494C6ACEFD}
		{57A80777-ABC3-4C1B-B666-9C1A632A038E} = {813D1F3D-F330-4365-910E-A4494C6ACEFD}
		{9157DBF2-7F84-499B-AD68-322105F7E897} = {813D1F3D-F330-4365-910E-A4494C6ACEFD}
		{9031C290-B032-4D84-A08E-04E381CEDEA6} = {813D1F3D-F330-4365-910E-A4494C6ACEFD}
	EndGlobalSection
	GlobalSection(ExtensibilityGlobals) = postSolution
		EnterpriseLibraryConfigurationToolBinariesPath = packages\Unity.2.1.505.2\lib\NET35
	EndGlobalSection
EndGlobal
