
Microsoft Visual Studio Solution File, Format Version 12.00
# Visual Studio 14
VisualStudioVersion = 14.0.23107.0
MinimumVisualStudioVersion = 10.0.40219.1
Project("{FAE04EC0-301F-11D3-BF4B-00C04F79EFBC}") = "EventCentric", "EventCentric\EventCentric.csproj", "{4B00E8DD-813C-4ABB-8C87-C664D188F62C}"
EndProject
Project("{FAE04EC0-301F-11D3-BF4B-00C04F79EFBC}") = "EventCentric.Tests", "EventCentric.Tests\EventCentric.Tests.csproj", "{C43C0436-69D1-4EB3-BF0E-89F005C4C4C7}"
EndProject
Project("{2150E333-8FDC-42A3-9474-1A3956D46DE8}") = "samples", "samples", "{0034CCF3-6EBB-4263-A7F0-A5C7725D354D}"
EndProject
Project("{FAE04EC0-301F-11D3-BF4B-00C04F79EFBC}") = "Clientes.Events", "samples\clientes\Clientes.Events\Clientes.Events.csproj", "{46F49232-A590-4374-BA07-674860D05BF4}"
EndProject
Project("{FAE04EC0-301F-11D3-BF4B-00C04F79EFBC}") = "Clientes.EventProcessor", "samples\clientes\Clientes.EventProcessor\Clientes.EventProcessor.csproj", "{A8E9219B-EC91-4864-AC96-EDB51289EBC9}"
EndProject
Project("{FAE04EC0-301F-11D3-BF4B-00C04F79EFBC}") = "Clientes.Client", "samples\clientes\Clientes.Client\Clientes.Client.csproj", "{61F54C69-0EF4-447C-B79C-40A3A1C2844A}"
EndProject
Global
	GlobalSection(SolutionConfigurationPlatforms) = preSolution
		Debug|Any CPU = Debug|Any CPU
		Release|Any CPU = Release|Any CPU
	EndGlobalSection
	GlobalSection(ProjectConfigurationPlatforms) = postSolution
		{4B00E8DD-813C-4ABB-8C87-C664D188F62C}.Debug|Any CPU.ActiveCfg = Debug|Any CPU
		{4B00E8DD-813C-4ABB-8C87-C664D188F62C}.Debug|Any CPU.Build.0 = Debug|Any CPU
		{4B00E8DD-813C-4ABB-8C87-C664D188F62C}.Release|Any CPU.ActiveCfg = Release|Any CPU
		{4B00E8DD-813C-4ABB-8C87-C664D188F62C}.Release|Any CPU.Build.0 = Release|Any CPU
		{C43C0436-69D1-4EB3-BF0E-89F005C4C4C7}.Debug|Any CPU.ActiveCfg = Debug|Any CPU
		{C43C0436-69D1-4EB3-BF0E-89F005C4C4C7}.Debug|Any CPU.Build.0 = Debug|Any CPU
		{C43C0436-69D1-4EB3-BF0E-89F005C4C4C7}.Release|Any CPU.ActiveCfg = Release|Any CPU
		{C43C0436-69D1-4EB3-BF0E-89F005C4C4C7}.Release|Any CPU.Build.0 = Release|Any CPU
		{46F49232-A590-4374-BA07-674860D05BF4}.Debug|Any CPU.ActiveCfg = Debug|Any CPU
		{46F49232-A590-4374-BA07-674860D05BF4}.Debug|Any CPU.Build.0 = Debug|Any CPU
		{46F49232-A590-4374-BA07-674860D05BF4}.Release|Any CPU.ActiveCfg = Release|Any CPU
		{46F49232-A590-4374-BA07-674860D05BF4}.Release|Any CPU.Build.0 = Release|Any CPU
		{A8E9219B-EC91-4864-AC96-EDB51289EBC9}.Debug|Any CPU.ActiveCfg = Debug|Any CPU
		{A8E9219B-EC91-4864-AC96-EDB51289EBC9}.Debug|Any CPU.Build.0 = Debug|Any CPU
		{A8E9219B-EC91-4864-AC96-EDB51289EBC9}.Release|Any CPU.ActiveCfg = Release|Any CPU
		{A8E9219B-EC91-4864-AC96-EDB51289EBC9}.Release|Any CPU.Build.0 = Release|Any CPU
		{61F54C69-0EF4-447C-B79C-40A3A1C2844A}.Debug|Any CPU.ActiveCfg = Debug|Any CPU
		{61F54C69-0EF4-447C-B79C-40A3A1C2844A}.Debug|Any CPU.Build.0 = Debug|Any CPU
		{61F54C69-0EF4-447C-B79C-40A3A1C2844A}.Release|Any CPU.ActiveCfg = Release|Any CPU
		{61F54C69-0EF4-447C-B79C-40A3A1C2844A}.Release|Any CPU.Build.0 = Release|Any CPU
	EndGlobalSection
	GlobalSection(SolutionProperties) = preSolution
		HideSolutionNode = FALSE
	EndGlobalSection
	GlobalSection(NestedProjects) = preSolution
		{46F49232-A590-4374-BA07-674860D05BF4} = {0034CCF3-6EBB-4263-A7F0-A5C7725D354D}
		{A8E9219B-EC91-4864-AC96-EDB51289EBC9} = {0034CCF3-6EBB-4263-A7F0-A5C7725D354D}
		{61F54C69-0EF4-447C-B79C-40A3A1C2844A} = {0034CCF3-6EBB-4263-A7F0-A5C7725D354D}
	EndGlobalSection
EndGlobal
