
Microsoft Visual Studio Solution File, Format Version 12.00
# Visual Studio 14
VisualStudioVersion = 14.0.23107.0
MinimumVisualStudioVersion = 10.0.40219.1
Project("{FAE04EC0-301F-11D3-BF4B-00C04F79EFBC}") = "EventCentric", "EventCentric\EventCentric.csproj", "{4B00E8DD-813C-4ABB-8C87-C664D188F62C}"
EndProject
Project("{FAE04EC0-301F-11D3-BF4B-00C04F79EFBC}") = "EventCentric.Tests", "EventCentric.Tests\EventCentric.Tests.csproj", "{C43C0436-69D1-4EB3-BF0E-89F005C4C4C7}"
EndProject
Project("{2150E333-8FDC-42A3-9474-1A3956D46DE8}") = "samples", "samples", "{0034CCF3-6EBB-4263-A7F0-A5C7725D354D}"
EndProject
Project("{FAE04EC0-301F-11D3-BF4B-00C04F79EFBC}") = "Clientes.Events", "samples\clientes\Clientes.Events\Clientes.Events.csproj", "{46F49232-A590-4374-BA07-674860D05BF4}"
EndProject
Project("{FAE04EC0-301F-11D3-BF4B-00C04F79EFBC}") = "Clientes.EventProcessor", "samples\clientes\Clientes.EventProcessor\Clientes.EventProcessor.csproj", "{A8E9219B-EC91-4864-AC96-EDB51289EBC9}"
EndProject
Project("{FAE04EC0-301F-11D3-BF4B-00C04F79EFBC}") = "Clientes.Client", "samples\clientes\Clientes.Client\Clientes.Client.csproj", "{61F54C69-0EF4-447C-B79C-40A3A1C2844A}"
EndProject
Project("{FAE04EC0-301F-11D3-BF4B-00C04F79EFBC}") = "Clientes.ReadModel", "samples\clientes\Clientes.ReadModel\Clientes.ReadModel.csproj", "{646AF484-78D6-43E1-9518-8EE486E9929F}"
EndProject
Project("{FAE04EC0-301F-11D3-BF4B-00C04F79EFBC}") = "Clientes.Tests", "samples\clientes\Clientes.Tests\Clientes.Tests.csproj", "{80A8E6D0-B395-4595-83F9-4B8C6B352D09}"
EndProject
Project("{FAE04EC0-301F-11D3-BF4B-00C04F79EFBC}") = "EventCentric.NodeFactory", "EventCentric.NodeFactory\EventCentric.NodeFactory.csproj", "{44302C31-F9A4-4531-A43A-0E33CC5D4FD2}"
EndProject
Project("{2150E333-8FDC-42A3-9474-1A3956D46DE8}") = "lib", "lib", "{C2811117-D4CF-4232-9AF4-0BC3883AEC55}"
EndProject
Project("{2150E333-8FDC-42A3-9474-1A3956D46DE8}") = "EntityFramework", "EntityFramework", "{2D7036EC-4F1A-4CCA-8D51-52F3C4D889C3}"
	ProjectSection(SolutionItems) = preProject
		lib\EntityFramework\EntityFramework.dll = lib\EntityFramework\EntityFramework.dll
		lib\EntityFramework\EntityFramework.SqlServer.dll = lib\EntityFramework\EntityFramework.SqlServer.dll
		lib\EntityFramework\EntityFramework.SqlServer.xml = lib\EntityFramework\EntityFramework.SqlServer.xml
		lib\EntityFramework\EntityFramework.xml = lib\EntityFramework\EntityFramework.xml
	EndProjectSection
EndProject
Project("{FAE04EC0-301F-11D3-BF4B-00C04F79EFBC}") = "EasyTrade.Web", "samples\EasyTrade\EasyTrade.Web\EasyTrade.Web.csproj", "{E1CD45C9-CD2B-449C-9CE1-D71D0B1A7483}"
EndProject
Project("{2150E333-8FDC-42A3-9474-1A3956D46DE8}") = "Clientes", "Clientes", "{EA82349F-3D63-4DAD-83CC-A14123B0800F}"
EndProject
Project("{2150E333-8FDC-42A3-9474-1A3956D46DE8}") = "EasyTrade", "EasyTrade", "{5F3BE14E-BB71-42C2-BEA6-A68F40BA9823}"
EndProject
Global
	GlobalSection(SolutionConfigurationPlatforms) = preSolution
		Debug|Any CPU = Debug|Any CPU
		Release|Any CPU = Release|Any CPU
	EndGlobalSection
	GlobalSection(ProjectConfigurationPlatforms) = postSolution
		{4B00E8DD-813C-4ABB-8C87-C664D188F62C}.Debug|Any CPU.ActiveCfg = Debug|Any CPU
		{4B00E8DD-813C-4ABB-8C87-C664D188F62C}.Debug|Any CPU.Build.0 = Debug|Any CPU
		{4B00E8DD-813C-4ABB-8C87-C664D188F62C}.Release|Any CPU.ActiveCfg = Release|Any CPU
		{4B00E8DD-813C-4ABB-8C87-C664D188F62C}.Release|Any CPU.Build.0 = Release|Any CPU
		{C43C0436-69D1-4EB3-BF0E-89F005C4C4C7}.Debug|Any CPU.ActiveCfg = Debug|Any CPU
		{C43C0436-69D1-4EB3-BF0E-89F005C4C4C7}.Debug|Any CPU.Build.0 = Debug|Any CPU
		{C43C0436-69D1-4EB3-BF0E-89F005C4C4C7}.Release|Any CPU.ActiveCfg = Release|Any CPU
		{C43C0436-69D1-4EB3-BF0E-89F005C4C4C7}.Release|Any CPU.Build.0 = Release|Any CPU
		{46F49232-A590-4374-BA07-674860D05BF4}.Debug|Any CPU.ActiveCfg = Debug|Any CPU
		{46F49232-A590-4374-BA07-674860D05BF4}.Debug|Any CPU.Build.0 = Debug|Any CPU
		{46F49232-A590-4374-BA07-674860D05BF4}.Release|Any CPU.ActiveCfg = Release|Any CPU
		{46F49232-A590-4374-BA07-674860D05BF4}.Release|Any CPU.Build.0 = Release|Any CPU
		{A8E9219B-EC91-4864-AC96-EDB51289EBC9}.Debug|Any CPU.ActiveCfg = Debug|Any CPU
		{A8E9219B-EC91-4864-AC96-EDB51289EBC9}.Debug|Any CPU.Build.0 = Debug|Any CPU
		{A8E9219B-EC91-4864-AC96-EDB51289EBC9}.Release|Any CPU.ActiveCfg = Release|Any CPU
		{A8E9219B-EC91-4864-AC96-EDB51289EBC9}.Release|Any CPU.Build.0 = Release|Any CPU
		{61F54C69-0EF4-447C-B79C-40A3A1C2844A}.Debug|Any CPU.ActiveCfg = Debug|Any CPU
		{61F54C69-0EF4-447C-B79C-40A3A1C2844A}.Debug|Any CPU.Build.0 = Debug|Any CPU
		{61F54C69-0EF4-447C-B79C-40A3A1C2844A}.Release|Any CPU.ActiveCfg = Release|Any CPU
		{61F54C69-0EF4-447C-B79C-40A3A1C2844A}.Release|Any CPU.Build.0 = Release|Any CPU
		{646AF484-78D6-43E1-9518-8EE486E9929F}.Debug|Any CPU.ActiveCfg = Debug|Any CPU
		{646AF484-78D6-43E1-9518-8EE486E9929F}.Debug|Any CPU.Build.0 = Debug|Any CPU
		{646AF484-78D6-43E1-9518-8EE486E9929F}.Release|Any CPU.ActiveCfg = Release|Any CPU
		{646AF484-78D6-43E1-9518-8EE486E9929F}.Release|Any CPU.Build.0 = Release|Any CPU
		{80A8E6D0-B395-4595-83F9-4B8C6B352D09}.Debug|Any CPU.ActiveCfg = Debug|Any CPU
		{80A8E6D0-B395-4595-83F9-4B8C6B352D09}.Debug|Any CPU.Build.0 = Debug|Any CPU
		{80A8E6D0-B395-4595-83F9-4B8C6B352D09}.Release|Any CPU.ActiveCfg = Release|Any CPU
		{80A8E6D0-B395-4595-83F9-4B8C6B352D09}.Release|Any CPU.Build.0 = Release|Any CPU
		{44302C31-F9A4-4531-A43A-0E33CC5D4FD2}.Debug|Any CPU.ActiveCfg = Debug|Any CPU
		{44302C31-F9A4-4531-A43A-0E33CC5D4FD2}.Debug|Any CPU.Build.0 = Debug|Any CPU
		{44302C31-F9A4-4531-A43A-0E33CC5D4FD2}.Release|Any CPU.ActiveCfg = Release|Any CPU
		{44302C31-F9A4-4531-A43A-0E33CC5D4FD2}.Release|Any CPU.Build.0 = Release|Any CPU
		{E1CD45C9-CD2B-449C-9CE1-D71D0B1A7483}.Debug|Any CPU.ActiveCfg = Debug|Any CPU
		{E1CD45C9-CD2B-449C-9CE1-D71D0B1A7483}.Debug|Any CPU.Build.0 = Debug|Any CPU
		{E1CD45C9-CD2B-449C-9CE1-D71D0B1A7483}.Release|Any CPU.ActiveCfg = Release|Any CPU
		{E1CD45C9-CD2B-449C-9CE1-D71D0B1A7483}.Release|Any CPU.Build.0 = Release|Any CPU
	EndGlobalSection
	GlobalSection(SolutionProperties) = preSolution
		HideSolutionNode = FALSE
	EndGlobalSection
	GlobalSection(NestedProjects) = preSolution
		{46F49232-A590-4374-BA07-674860D05BF4} = {EA82349F-3D63-4DAD-83CC-A14123B0800F}
		{A8E9219B-EC91-4864-AC96-EDB51289EBC9} = {EA82349F-3D63-4DAD-83CC-A14123B0800F}
		{61F54C69-0EF4-447C-B79C-40A3A1C2844A} = {EA82349F-3D63-4DAD-83CC-A14123B0800F}
		{646AF484-78D6-43E1-9518-8EE486E9929F} = {EA82349F-3D63-4DAD-83CC-A14123B0800F}
		{80A8E6D0-B395-4595-83F9-4B8C6B352D09} = {EA82349F-3D63-4DAD-83CC-A14123B0800F}
		{2D7036EC-4F1A-4CCA-8D51-52F3C4D889C3} = {C2811117-D4CF-4232-9AF4-0BC3883AEC55}
		{E1CD45C9-CD2B-449C-9CE1-D71D0B1A7483} = {5F3BE14E-BB71-42C2-BEA6-A68F40BA9823}
		{EA82349F-3D63-4DAD-83CC-A14123B0800F} = {0034CCF3-6EBB-4263-A7F0-A5C7725D354D}
		{5F3BE14E-BB71-42C2-BEA6-A68F40BA9823} = {0034CCF3-6EBB-4263-A7F0-A5C7725D354D}
	EndGlobalSection
	GlobalSection(ExtensibilityGlobals) = postSolution
		EnterpriseLibraryConfigurationToolBinariesPath = packages\Unity.2.1.505.2\lib\NET35
	EndGlobalSection
EndGlobal
